Microsoft Visual Studio Solution File, Format Version 12.00
# Visual Studio Version 17
VisualStudioVersion = 17.5.2.0
MinimumVisualStudioVersion = 10.0.40219.1
Project("{FAE04EC0-301F-11D3-BF4B-00C04F79EFBC}") = "Ej3", "Ej3.csproj", "{CE126D14-C3A8-C0F8-5E52-F99829CD5AE7}"
EndProject
Global
	GlobalSection(SolutionConfigurationPlatforms) = preSolution
		Debug|Any CPU = Debug|Any CPU
		Release|Any CPU = Release|Any CPU
	EndGlobalSection
	GlobalSection(ProjectConfigurationPlatforms) = postSolution
		{CE126D14-C3A8-C0F8-5E52-F99829CD5AE7}.Debug|Any CPU.ActiveCfg = Debug|Any CPU
		{CE126D14-C3A8-C0F8-5E52-F99829CD5AE7}.Debug|Any CPU.Build.0 = Debug|Any CPU
		{CE126D14-C3A8-C0F8-5E52-F99829CD5AE7}.Release|Any CPU.ActiveCfg = Release|Any CPU
		{CE126D14-C3A8-C0F8-5E52-F99829CD5AE7}.Release|Any CPU.Build.0 = Release|Any CPU
	EndGlobalSection
	GlobalSection(SolutionProperties) = preSolution
		HideSolutionNode = FALSE
	EndGlobalSection
	GlobalSection(ExtensibilityGlobals) = postSolution
		SolutionGuid = {DF05413E-ED51-40F8-A305-76937117C1A3}
	EndGlobalSection
EndGlobal
