Microsoft Visual Studio Solution File, Format Version 12.00
# Visual Studio Version 17
VisualStudioVersion = 17.5.2.0
MinimumVisualStudioVersion = 10.0.40219.1
Project("{FAE04EC0-301F-11D3-BF4B-00C04F79EFBC}") = "Ej5", "Ej5.csproj", "{A38E7030-C196-7185-686C-264A357EEB5D}"
EndProject
Global
	GlobalSection(SolutionConfigurationPlatforms) = preSolution
		Debug|Any CPU = Debug|Any CPU
		Release|Any CPU = Release|Any CPU
	EndGlobalSection
	GlobalSection(ProjectConfigurationPlatforms) = postSolution
		{A38E7030-C196-7185-686C-264A357EEB5D}.Debug|Any CPU.ActiveCfg = Debug|Any CPU
		{A38E7030-C196-7185-686C-264A357EEB5D}.Debug|Any CPU.Build.0 = Debug|Any CPU
		{A38E7030-C196-7185-686C-264A357EEB5D}.Release|Any CPU.ActiveCfg = Release|Any CPU
		{A38E7030-C196-7185-686C-264A357EEB5D}.Release|Any CPU.Build.0 = Release|Any CPU
	EndGlobalSection
	GlobalSection(SolutionProperties) = preSolution
		HideSolutionNode = FALSE
	EndGlobalSection
	GlobalSection(ExtensibilityGlobals) = postSolution
		SolutionGuid = {793E1DC5-39F0-4616-B964-52D063D1B15D}
	EndGlobalSection
EndGlobal
